{
  "pins" : [
    {
      "identity" : "abseil-cpp-binary",
      "kind" : "remoteSourceControl",
      "location" : "https://github.com/google/abseil-cpp-binary.git",
      "state" : {
        "revision" : "bbe8b69694d7873315fd3a4ad41efe043e1c07c5",
        "version" : "1.2024072200.0"
      }
    },
    {
      "identity" : "alamofire",
      "kind" : "remoteSourceControl",
      "location" : "https://github.com/Alamofire/Alamofire.git",
      "state" : {
        "revision" : "513364f870f6bfc468f9d2ff0a95caccc10044c5",
        "version" : "5.10.2"
      }
    },
    {
      "identity" : "app-check",
      "kind" : "remoteSourceControl",
      "location" : "https://github.com/google/app-check.git",
      "state" : {
        "revision" : "61b85103a1aeed8218f17c794687781505fbbef5",
        "version" : "11.2.0"
      }
    },
    {
      "identity" : "combine-schedulers",
      "kind" : "remoteSourceControl",
      "location" : "https://github.com/pointfreeco/combine-schedulers",
      "state" : {
        "revision" : "5928286acce13def418ec36d05a001a9641086f2",
        "version" : "1.0.3"
      }
    },
    {
      "identity" : "firebase-ios-sdk",
      "kind" : "remoteSourceControl",
      "location" : "https://github.com/firebase/firebase-ios-sdk.git",
      "state" : {
        "revision" : "3663b1aa6c7a1bed67ee80fd09dc6d0f9c3bb660",
        "version" : "11.13.0"
      }
    },
    {
      "identity" : "gifu",
      "kind" : "remoteSourceControl",
      "location" : "https://github.com/kaishin/Gifu.git",
      "state" : {
        "revision" : "f19726eaf0dfa4dbce4d3f80293c9d38c2acba53",
        "version" : "4.0.1"
      }
    },
    {
      "identity" : "googleappmeasurement",
      "kind" : "remoteSourceControl",
      "location" : "https://github.com/google/GoogleAppMeasurement.git",
      "state" : {
        "revision" : "543071966b3fb6613a2fc5c6e7112d1e998184a7",
        "version" : "11.13.0"
      }
    },
    {
      "identity" : "googledatatransport",
      "kind" : "remoteSourceControl",
      "location" : "https://github.com/google/GoogleDataTransport.git",
      "state" : {
        "revision" : "617af071af9aa1d6a091d59a202910ac482128f9",
        "version" : "10.1.0"
      }
    },
    {
      "identity" : "googleutilities",
      "kind" : "remoteSourceControl",
      "location" : "https://github.com/google/GoogleUtilities.git",
      "state" : {
        "revision" : "60da361632d0de02786f709bdc0c4df340f7613e",
        "version" : "8.1.0"
      }
    },
    {
      "identity" : "grpc-binary",
      "kind" : "remoteSourceControl",
      "location" : "https://github.com/google/grpc-binary.git",
      "state" : {
        "revision" : "cc0001a0cf963aa40501d9c2b181e7fc9fd8ec71",
        "version" : "1.69.0"
      }
    },
    {
      "identity" : "gtm-session-fetcher",
      "kind" : "remoteSourceControl",
      "location" : "https://github.com/google/gtm-session-fetcher.git",
      "state" : {
        "revision" : "c756a29784521063b6a1202907e2cc47f41b667c",
        "version" : "4.5.0"
      }
    },
    {
      "identity" : "interop-ios-for-google-sdks",
      "kind" : "remoteSourceControl",
      "location" : "https://github.com/google/interop-ios-for-google-sdks.git",
      "state" : {
        "revision" : "040d087ac2267d2ddd4cca36c757d1c6a05fdbfe",
        "version" : "101.0.0"
      }
    },
    {
      "identity" : "kakao-ios-sdk",
      "kind" : "remoteSourceControl",
      "location" : "https://github.com/kakao/kakao-ios-sdk",
      "state" : {
        "revision" : "787763e335949dfad6b721aa04771e22d04e1493",
        "version" : "2.24.2"
      }
    },
    {
      "identity" : "kingfisher",
      "kind" : "remoteSourceControl",
      "location" : "https://github.com/onevcat/Kingfisher",
      "state" : {
        "revision" : "7deda23bbdca612076c5c315003d8638a08ed0f1",
        "version" : "8.3.2"
      }
    },
    {
      "identity" : "leveldb",
      "kind" : "remoteSourceControl",
      "location" : "https://github.com/firebase/leveldb.git",
      "state" : {
        "revision" : "a0bc79961d7be727d258d33d5a6b2f1023270ba1",
        "version" : "1.22.5"
      }
    },
    {
      "identity" : "lottie-ios",
      "kind" : "remoteSourceControl",
      "location" : "https://github.com/airbnb/lottie-ios.git",
      "state" : {
        "revision" : "a004050748dc197c56256a14dca49a035d74726c",
        "version" : "4.5.2"
      }
    },
    {
      "identity" : "nanopb",
      "kind" : "remoteSourceControl",
      "location" : "https://github.com/firebase/nanopb.git",
      "state" : {
        "revision" : "b7e1104502eca3a213b46303391ca4d3bc8ddec1",
        "version" : "2.30910.0"
      }
    },
    {
      "identity" : "popupview",
      "kind" : "remoteSourceControl",
      "location" : "https://github.com/exyte/PopupView",
      "state" : {
        "revision" : "06b872f55e923f8374924fe3b1d67d6f96288664",
        "version" : "4.1.17"
      }
    },
    {
      "identity" : "promises",
      "kind" : "remoteSourceControl",
      "location" : "https://github.com/google/promises.git",
      "state" : {
        "revision" : "540318ecedd63d883069ae7f1ed811a2df00b6ac",
        "version" : "2.4.0"
      }
    },
    {
      "identity" : "realm-core",
      "kind" : "remoteSourceControl",
      "location" : "https://github.com/realm/realm-core.git",
      "state" : {
        "revision" : "e474a8d2270a8b12ac63ac9504e4757e39814b99",
        "version" : "14.13.0"
      }
    },
    {
      "identity" : "realm-swift",
      "kind" : "remoteSourceControl",
      "location" : "https://github.com/realm/realm-swift.git",
      "state" : {
        "revision" : "863498d37a9f0e72caa65963da9641d8cdfc8228",
        "version" : "10.54.0"
      }
    },
    {
      "identity" : "socket.io-client-swift",
      "kind" : "remoteSourceControl",
      "location" : "https://github.com/socketio/socket.io-client-swift.git",
      "state" : {
        "revision" : "42da871d9369f290d6ec4930636c40672143905b",
        "version" : "16.1.1"
      }
    },
    {
      "identity" : "starscream",
      "kind" : "remoteSourceControl",
      "location" : "https://github.com/daltoniam/Starscream",
      "state" : {
        "revision" : "c6bfd1af48efcc9a9ad203665db12375ba6b145a",
        "version" : "4.0.8"
      }
    },
    {
      "identity" : "swift-case-paths",
      "kind" : "remoteSourceControl",
      "location" : "https://github.com/pointfreeco/swift-case-paths",
      "state" : {
        "revision" : "1197e80bc7e4b177051b6869ef93d8ac3ad677da",
        "version" : "1.8.0"
      }
    },
    {
      "identity" : "swift-clocks",
      "kind" : "remoteSourceControl",
      "location" : "https://github.com/pointfreeco/swift-clocks",
      "state" : {
        "revision" : "cc46202b53476d64e824e0b6612da09d84ffde8e",
        "version" : "1.0.6"
      }
    },
    {
      "identity" : "swift-collections",
      "kind" : "remoteSourceControl",
      "location" : "https://github.com/apple/swift-collections",
      "state" : {
        "revision" : "c1805596154bb3a265fd91b8ac0c4433b4348fb0",
        "version" : "1.2.0"
      }
    },
    {
      "identity" : "swift-composable-architecture",
      "kind" : "remoteSourceControl",
      "location" : "https://github.com/pointfreeco/swift-composable-architecture.git",
      "state" : {
        "revision" : "e2fa1df6cd9eec6fa6314aa20513e47da576f24e",
        "version" : "1.26.0"
      }
    },
    {
      "identity" : "swift-concurrency-extras",
      "kind" : "remoteSourceControl",
      "location" : "https://github.com/pointfreeco/swift-concurrency-extras",
      "state" : {
        "revision" : "82a4ae7170d98d8538ec77238b7eb8e7199ef2e8",
        "version" : "1.3.1"
      }
    },
    {
      "identity" : "swift-custom-dump",
      "kind" : "remoteSourceControl",
      "location" : "https://github.com/pointfreeco/swift-custom-dump",
      "state" : {
        "revision" : "82645ec760917961cfa08c9c0c7104a57a0fa4b1",
        "version" : "1.3.3"
      }
    },
    {
      "identity" : "swift-dependencies",
      "kind" : "remoteSourceControl",
      "location" : "https://github.com/pointfreeco/swift-dependencies",
      "state" : {
        "revision" : "4c90d6b2b9bf0911af87b103bb40f41771891596",
        "version" : "1.9.2"
      }
    },
    {
      "identity" : "swift-identified-collections",
      "kind" : "remoteSourceControl",
      "location" : "https://github.com/pointfreeco/swift-identified-collections",
      "state" : {
        "revision" : "322d9ffeeba85c9f7c4984b39422ec7cc3c56597",
        "version" : "1.1.1"
      }
    },
    {
      "identity" : "swift-navigation",
      "kind" : "remoteSourceControl",
      "location" : "https://github.com/pointfreeco/swift-navigation",
      "state" : {
        "revision" : "6cff006b3607b700029dc44f06b41a6cc7384ac7",
        "version" : "2.10.2"
      }
    },
    {
      "identity" : "swift-perception",
      "kind" : "remoteSourceControl",
      "location" : "https://github.com/pointfreeco/swift-perception",
      "state" : {
        "revision" : "d924c62a70fca5f43872f286dbd7cef0957f1c01",
        "version" : "1.6.0"
      }
    },
    {
      "identity" : "swift-protobuf",
      "kind" : "remoteSourceControl",
      "location" : "https://github.com/apple/swift-protobuf.git",
      "state" : {
        "revision" : "d72aed98f8253ec1aa9ea1141e28150f408cf17f",
        "version" : "1.29.0"
      }
    },
    {
      "identity" : "swift-sharing",
      "kind" : "remoteSourceControl",
      "location" : "https://github.com/pointfreeco/swift-sharing",
      "state" : {
        "revision" : "55d2fef5008b054420f90d745ea0520850955462",
        "version" : "1.1.3"
      }
    },
    {
      "identity" : "swift-syntax",
      "kind" : "remoteSourceControl",
      "location" : "https://github.com/swiftlang/swift-syntax",
      "state" : {
        "revision" : "0687f71944021d616d34d922343dcef086855920",
        "version" : "600.0.1"
      }
    },
    {
      "identity" : "swiftimagecompressor",
      "kind" : "remoteSourceControl",
      "location" : "https://github.com/Little-tale/SwiftImageCompressor.git",
      "state" : {
        "revision" : "3863e153f5d91402e4bd6a89d86da8a42379de11",
        "version" : "0.0.3"
      }
    },
    {
      "identity" : "swiftui-introspect",
      "kind" : "remoteSourceControl",
      "location" : "https://github.com/siteline/swiftui-introspect",
      "state" : {
        "revision" : "a08b87f96b41055577721a6e397562b21ad52454",
        "version" : "26.0.0"
      }
    },
    {
      "identity" : "swiftybeaver",
      "kind" : "remoteSourceControl",
      "location" : "https://github.com/SwiftyBeaver/SwiftyBeaver.git",
      "state" : {
        "revision" : "8cba041db09596183331d123f337d0eb2e6e8e91",
        "version" : "2.1.1"
      }
    },
    {
      "identity" : "xctest-dynamic-overlay",
      "kind" : "remoteSourceControl",
      "location" : "https://github.com/pointfreeco/xctest-dynamic-overlay",
      "state" : {
        "revision" : "39de59b2d47f7ef3ca88a039dff3084688fe27f4",
        "version" : "1.5.2"
      }
    }
  ],
  "version" : 2
}
